
Microsoft Visual Studio Solution File, Format Version 12.00
# Visual Studio Version 17
VisualStudioVersion = 17.0.32126.317
MinimumVisualStudioVersion = 10.0.40219.1
Project("{FAE04EC0-301F-11D3-BF4B-00C04F79EFBC}") = "WebApi", "WebApi\WebApi.csproj", "{5E224577-7970-40DC-B2D3-8B0568851021}"
EndProject
Global
	GlobalSection(SolutionConfigurationPlatforms) = preSolution
		Debug|Any CPU = Debug|Any CPU
		Release|Any CPU = Release|Any CPU
	EndGlobalSection
	GlobalSection(ProjectConfigurationPlatforms) = postSolution
		{5E224577-7970-40DC-B2D3-8B0568851021}.Debug|Any CPU.ActiveCfg = Debug|Any CPU
		{5E224577-7970-40DC-B2D3-8B0568851021}.Debug|Any CPU.Build.0 = Debug|Any CPU
		{5E224577-7970-40DC-B2D3-8B0568851021}.Release|Any CPU.ActiveCfg = Release|Any CPU
		{5E224577-7970-40DC-B2D3-8B0568851021}.Release|Any CPU.Build.0 = Release|Any CPU
	EndGlobalSection
	GlobalSection(SolutionProperties) = preSolution
		HideSolutionNode = FALSE
	EndGlobalSection
	GlobalSection(ExtensibilityGlobals) = postSolution
		SolutionGuid = {5F80D336-1720-4DFB-AF74-F8C3B5D9CC74}
	EndGlobalSection
EndGlobal
